
Microsoft Visual Studio Solution File, Format Version 12.00
# Visual Studio Version 17
VisualStudioVersion = 17.10.35013.160
MinimumVisualStudioVersion = 10.0.40219.1
Project("{E24C65DC-7377-472B-9ABA-BC803B73C61A}") = "Form_Registration", "Form_Registration\", "{AE2B4224-9F88-4591-8688-AB5C694CF9DB}"
	ProjectSection(WebsiteProperties) = preProject
		TargetFrameworkMoniker = ".NETFramework,Version%3Dv4.8"
		Debug.AspNetCompiler.VirtualPath = "/localhost_64320"
		Debug.AspNetCompiler.PhysicalPath = "Form_Registration\"
		Debug.AspNetCompiler.TargetPath = "PrecompiledWeb\localhost_64320\"
		Debug.AspNetCompiler.Updateable = "true"
		Debug.AspNetCompiler.ForceOverwrite = "true"
		Debug.AspNetCompiler.FixedNames = "false"
		Debug.AspNetCompiler.Debug = "True"
		Release.AspNetCompiler.VirtualPath = "/localhost_64320"
		Release.AspNetCompiler.PhysicalPath = "Form_Registration\"
		Release.AspNetCompiler.TargetPath = "PrecompiledWeb\localhost_64320\"
		Release.AspNetCompiler.Updateable = "true"
		Release.AspNetCompiler.ForceOverwrite = "true"
		Release.AspNetCompiler.FixedNames = "false"
		Release.AspNetCompiler.Debug = "False"
		VWDPort = "64320"
		SlnRelativePath = "Form_Registration\"
		DefaultWebSiteLanguage = "Visual C#"
	EndProjectSection
EndProject
Global
	GlobalSection(SolutionConfigurationPlatforms) = preSolution
		Debug|Any CPU = Debug|Any CPU
	EndGlobalSection
	GlobalSection(ProjectConfigurationPlatforms) = postSolution
		{AE2B4224-9F88-4591-8688-AB5C694CF9DB}.Debug|Any CPU.ActiveCfg = Debug|Any CPU
		{AE2B4224-9F88-4591-8688-AB5C694CF9DB}.Debug|Any CPU.Build.0 = Debug|Any CPU
	EndGlobalSection
	GlobalSection(SolutionProperties) = preSolution
		HideSolutionNode = FALSE
	EndGlobalSection
	GlobalSection(ExtensibilityGlobals) = postSolution
		SolutionGuid = {5E1DD696-0649-40C9-80A9-C492D83599BD}
	EndGlobalSection
EndGlobal
